
Microsoft Visual Studio Solution File, Format Version 11.00
# Visual Studio 2010
Project("{FAE04EC0-301F-11D3-BF4B-00C04F79EFBC}") = "Assembly-CSharp", "Assembly-CSharp.csproj", "{106459F8-C58B-73A4-9D95-D157FD787400}"
EndProject
Global
	GlobalSection(SolutionConfigurationPlatforms) = preSolution
		Debug|Any CPU = Debug|Any CPU
		Release|Any CPU = Release|Any CPU
	EndGlobalSection
	GlobalSection(ProjectConfigurationPlatforms) = postSolution
		{106459F8-C58B-73A4-9D95-D157FD787400}.Debug|Any CPU.ActiveCfg = Debug|Any CPU
		{106459F8-C58B-73A4-9D95-D157FD787400}.Debug|Any CPU.Build.0 = Debug|Any CPU
		{106459F8-C58B-73A4-9D95-D157FD787400}.Release|Any CPU.ActiveCfg = Release|Any CPU
		{106459F8-C58B-73A4-9D95-D157FD787400}.Release|Any CPU.Build.0 = Release|Any CPU
	EndGlobalSection
	GlobalSection(SolutionProperties) = preSolution
		HideSolutionNode = FALSE
	EndGlobalSection
	GlobalSection(MonoDevelopProperties) = preSolution
		StartupItem = Assembly-CSharp.csproj
	EndGlobalSection
EndGlobal
